{
  "nodes": {
    "bevy-flake": {
      "inputs": {
        "nixpkgs": [
          "nixpkgs"
        ]
      },
      "locked": {
        "lastModified": 1782551976,
        "narHash": "sha256-PyoqkFdStbN40C0/kY9Dbygl13LULhmVmEkzHnSlAnU=",
        "owner": "swagtop",
        "repo": "bevy-flake",
        "rev": "d45229a7b3c76c38aeeed77f84a6d6178c4c76dc",
        "type": "github"
      },
      "original": {
        "owner": "swagtop",
        "repo": "bevy-flake",
        "type": "github"
      }
    },
    "nixpkgs": {
      "locked": {
        "lastModified": 1782959384,
        "narHash": "sha256-xnJJk+ct+D2+wdRxj1wk36w5zV9RVESwRqcklPdt3fM=",
        "owner": "NixOS",
        "repo": "nixpkgs",
        "rev": "65179426c83bb3f6bc14898b42ea1c6f01d374b0",
        "type": "github"
      },
      "original": {
        "owner": "NixOS",
        "ref": "nixos-unstable",
        "repo": "nixpkgs",
        "type": "github"
      }
    },
    "root": {
      "inputs": {
        "bevy-flake": "bevy-flake",
        "nixpkgs": "nixpkgs",
        "rust-overlay": "rust-overlay"
      }
    },
    "rust-overlay": {
      "inputs": {
        "nixpkgs": [
          "nixpkgs"
        ]
      },
      "locked": {
        "lastModified": 1783058364,
        "narHash": "sha256-felUcVUtcdI15evRNkVfLq3opwceShhbrJt6hDlZvrk=",
        "owner": "oxalica",
        "repo": "rust-overlay",
        "rev": "e7a078c7feb51f37955a832b22a96de5fccb1f7a",
        "type": "github"
      },
      "original": {
        "owner": "oxalica",
        "repo": "rust-overlay",
        "type": "github"
      }
    }
  },
  "root": "root",
  "version": 7
}
